// !$*UTF8*$!
{
	archiveVersion = 1;
	classes = {
	};
	objectVersion = 50;
	objects = {

/* Begin PBXBuildFile section */
		2440E86C214A08310001AE3E /* AppDelegate.swift in Sources */ = {isa = PBXBuildFile; fileRef = 2440E86B214A08310001AE3E /* AppDelegate.swift */; };
		2440E86E214A08310001AE3E /* ViewController.swift in Sources */ = {isa = PBXBuildFile; fileRef = 2440E86D214A08310001AE3E /* ViewController.swift */; };
		2440E871214A08310001AE3E /* Main.storyboard in Resources */ = {isa = PBXBuildFile; fileRef = 2440E86F214A08310001AE3E /* Main.storyboard */; };
		2440E873214A08320001AE3E /* Assets.xcassets in Resources */ = {isa = PBXBuildFile; fileRef = 2440E872214A08320001AE3E /* Assets.xcassets */; };
		2440E876214A08320001AE3E /* LaunchScreen.storyboard in Resources */ = {isa = PBXBuildFile; fileRef = 2440E874214A08320001AE3E /* LaunchScreen.storyboard */; };
		2440E892214B789F0001AE3E /* DrawableImageView.swift in Sources */ = {isa = PBXBuildFile; fileRef = 2440E891214B789F0001AE3E /* DrawableImageView.swift */; };
		24976170214B8B8800B3ABBD /* MNIST.mlmodel in Sources */ = {isa = PBXBuildFile; fileRef = 2497616F214B8B8800B3ABBD /* MNIST.mlmodel */; };
/* End PBXBuildFile section */

/* Begin PBXFileReference section */
		2440E868214A08310001AE3E /* Character Recognition.app */ = {isa = PBXFileReference; explicitFileType = wrapper.application; includeInIndex = 0; path = "Character Recognition.app"; sourceTree = BUILT_PRODUCTS_DIR; };
		2440E86B214A08310001AE3E /* AppDelegate.swift */ = {isa = PBXFileReference; lastKnownFileType = sourcecode.swift; path = AppDelegate.swift; sourceTree = "<group>"; };
		2440E86D214A08310001AE3E /* ViewController.swift */ = {isa = PBXFileReference; lastKnownFileType = sourcecode.swift; path = ViewController.swift; sourceTree = "<group>"; };
		2440E870214A08310001AE3E /* Base */ = {isa = PBXFileReference; lastKnownFileType = file.storyboard; name = Base; path = Base.lproj/Main.storyboard; sourceTree = "<group>"; };
		2440E872214A08320001AE3E /* Assets.xcassets */ = {isa = PBXFileReference; lastKnownFileType = folder.assetcatalog; path = Assets.xcassets; sourceTree = "<group>"; };
		2440E875214A08320001AE3E /* Base */ = {isa = PBXFileReference; lastKnownFileType = file.storyboard; name = Base; path = Base.lproj/LaunchScreen.storyboard; sourceTree = "<group>"; };
		2440E877214A08320001AE3E /* Info.plist */ = {isa = PBXFileReference; lastKnownFileType = text.plist.xml; path = Info.plist; sourceTree = "<group>"; };
		2440E891214B789F0001AE3E /* DrawableImageView.swift */ = {isa = PBXFileReference; lastKnownFileType = sourcecode.swift; path = DrawableImageView.swift; sourceTree = "<group>"; };
		2497616F214B8B8800B3ABBD /* MNIST.mlmodel */ = {isa = PBXFileReference; lastKnownFileType = file.mlmodel; path = MNIST.mlmodel; sourceTree = "<group>"; };
/* End PBXFileReference section */

/* Begin PBXFrameworksBuildPhase section */
		2440E865214A08310001AE3E /* Frameworks */ = {
			isa = PBXFrameworksBuildPhase;
			buildActionMask = 2147483647;
			files = (
			);
			runOnlyForDeploymentPostprocessing = 0;
		};
/* End PBXFrameworksBuildPhase section */

/* Begin PBXGroup section */
		2440E85F214A08310001AE3E = {
			isa = PBXGroup;
			children = (
				2440E86A214A08310001AE3E /* Character Recognition */,
				2440E869214A08310001AE3E /* Products */,
			);
			sourceTree = "<group>";
		};
		2440E869214A08310001AE3E /* Products */ = {
			isa = PBXGroup;
			children = (
				2440E868214A08310001AE3E /* Character Recognition.app */,
			);
			name = Products;
			sourceTree = "<group>";
		};
		2440E86A214A08310001AE3E /* Character Recognition */ = {
			isa = PBXGroup;
			children = (
				2497616A214B883300B3ABBD /* Data */,
				2440E86B214A08310001AE3E /* AppDelegate.swift */,
				2440E891214B789F0001AE3E /* DrawableImageView.swift */,
				2440E86D214A08310001AE3E /* ViewController.swift */,
				2440E86F214A08310001AE3E /* Main.storyboard */,
				2440E872214A08320001AE3E /* Assets.xcassets */,
				2440E874214A08320001AE3E /* LaunchScreen.storyboard */,
				2440E877214A08320001AE3E /* Info.plist */,
			);
			path = "Character Recognition";
			sourceTree = "<group>";
		};
		2497616A214B883300B3ABBD /* Data */ = {
			isa = PBXGroup;
			children = (
				2497616F214B8B8800B3ABBD /* MNIST.mlmodel */,
			);
			path = Data;
			sourceTree = "<group>";
		};
/* End PBXGroup section */

/* Begin PBXNativeTarget section */
		2440E867214A08310001AE3E /* Character Recognition */ = {
			isa = PBXNativeTarget;
			buildConfigurationList = 2440E87A214A08320001AE3E /* Build configuration list for PBXNativeTarget "Character Recognition" */;
			buildPhases = (
				2440E864214A08310001AE3E /* Sources */,
				2440E865214A08310001AE3E /* Frameworks */,
				2440E866214A08310001AE3E /* Resources */,
			);
			buildRules = (
			);
			dependencies = (
			);
			name = "Character Recognition";
			productName = ML;
			productReference = 2440E868214A08310001AE3E /* Character Recognition.app */;
			productType = "com.apple.product-type.application";
		};
/* End PBXNativeTarget section */

/* Begin PBXProject section */
		2440E860214A08310001AE3E /* Project object */ = {
			isa = PBXProject;
			attributes = {
				LastSwiftUpdateCheck = 1000;
				LastUpgradeCheck = 1000;
				ORGANIZATIONNAME = "Nik Willwerth";
				TargetAttributes = {
					2440E867214A08310001AE3E = {
						CreatedOnToolsVersion = 10.0;
					};
				};
			};
			buildConfigurationList = 2440E863214A08310001AE3E /* Build configuration list for PBXProject "Character Recognition" */;
			compatibilityVersion = "Xcode 9.3";
			developmentRegion = en;
			hasScannedForEncodings = 0;
			knownRegions = (
				en,
				Base,
			);
			mainGroup = 2440E85F214A08310001AE3E;
			productRefGroup = 2440E869214A08310001AE3E /* Products */;
			projectDirPath = "";
			projectRoot = "";
			targets = (
				2440E867214A08310001AE3E /* Character Recognition */,
			);
		};
/* End PBXProject section */

/* Begin PBXResourcesBuildPhase section */
		2440E866214A08310001AE3E /* Resources */ = {
			isa = PBXResourcesBuildPhase;
			buildActionMask = 2147483647;
			files = (
				2440E876214A08320001AE3E /* LaunchScreen.storyboard in Resources */,
				2440E873214A08320001AE3E /* Assets.xcassets in Resources */,
				2440E871214A08310001AE3E /* Main.storyboard in Resources */,
			);
			runOnlyForDeploymentPostprocessing = 0;
		};
/* End PBXResourcesBuildPhase section */

/* Begin PBXSourcesBuildPhase section */
		2440E864214A08310001AE3E /* Sources */ = {
			isa = PBXSourcesBuildPhase;
			buildActionMask = 2147483647;
			files = (
				24976170214B8B8800B3ABBD /* MNIST.mlmodel in Sources */,
				2440E86E214A08310001AE3E /* ViewController.swift in Sources */,
				2440E892214B789F0001AE3E /* DrawableImageView.swift in Sources */,
				2440E86C214A08310001AE3E /* AppDelegate.swift in Sources */,
			);
			runOnlyForDeploymentPostprocessing = 0;
		};
/* End PBXSourcesBuildPhase section */

/* Begin PBXVariantGroup section */
		2440E86F214A08310001AE3E /* Main.storyboard */ = {
			isa = PBXVariantGroup;
			children = (
				2440E870214A08310001AE3E /* Base */,
			);
			name = Main.storyboard;
			sourceTree = "<group>";
		};
		2440E874214A08320001AE3E /* LaunchScreen.storyboard */ = {
			isa = PBXVariantGroup;
			children = (
				2440E875214A08320001AE3E /* Base */,
			);
			name = LaunchScreen.storyboard;
			sourceTree = "<group>";
		};
/* End PBXVariantGroup section */

/* Begin XCBuildConfiguration section */
		2440E878214A08320001AE3E /* Debug */ = {
			isa = XCBuildConfiguration;
			buildSettings = {
				ALWAYS_SEARCH_USER_PATHS = NO;
				CLANG_ANALYZER_NONNULL = YES;
				CLANG_ANALYZER_NUMBER_OBJECT_CONVERSION = YES_AGGRESSIVE;
				CLANG_CXX_LANGUAGE_STANDARD = "gnu++14";
				CLANG_CXX_LIBRARY = "libc++";
				CLANG_ENABLE_MODULES = YES;
				CLANG_ENABLE_OBJC_ARC = YES;
				CLANG_ENABLE_OBJC_WEAK = YES;
				CLANG_WARN_BLOCK_CAPTURE_AUTORELEASING = YES;
				CLANG_WARN_BOOL_CONVERSION = YES;
				CLANG_WARN_COMMA = YES;
				CLANG_WARN_CONSTANT_CONVERSION = YES;
				CLANG_WARN_DEPRECATED_OBJC_IMPLEMENTATIONS = YES;
				CLANG_WARN_DIRECT_OBJC_ISA_USAGE = YES_ERROR;
				CLANG_WARN_DOCUMENTATION_COMMENTS = YES;
				CLANG_WARN_EMPTY_BODY = YES;
				CLANG_WARN_ENUM_CONVERSION = YES;
				CLANG_WARN_INFINITE_RECURSION = YES;
				CLANG_WARN_INT_CONVERSION = YES;
				CLANG_WARN_NON_LITERAL_NULL_CONVERSION = YES;
				CLANG_WARN_OBJC_IMPLICIT_RETAIN_SELF = YES;
				CLANG_WARN_OBJC_LITERAL_CONVERSION = YES;
				CLANG_WARN_OBJC_ROOT_CLASS = YES_ERROR;
				CLANG_WARN_RANGE_LOOP_ANALYSIS = YES;
				CLANG_WARN_STRICT_PROTOTYPES = YES;
				CLANG_WARN_SUSPICIOUS_MOVE = YES;
				CLANG_WARN_UNGUARDED_AVAILABILITY = YES_AGGRESSIVE;
				CLANG_WARN_UNREACHABLE_CODE = YES;
				CLANG_WARN__DUPLICATE_METHOD_MATCH = YES;
				CODE_SIGN_IDENTITY = "iPhone Developer";
				COPY_PHASE_STRIP = NO;
				DEBUG_INFORMATION_FORMAT = dwarf;
				ENABLE_STRICT_OBJC_MSGSEND = YES;
				ENABLE_TESTABILITY = YES;
				GCC_C_LANGUAGE_STANDARD = gnu11;
				GCC_DYNAMIC_NO_PIC = NO;
				GCC_NO_COMMON_BLOCKS = YES;
				GCC_OPTIMIZATION_LEVEL = 0;
				GCC_PREPROCESSOR_DEFINITIONS = (
					"DEBUG=1",
					"$(inherited)",
				);
				GCC_WARN_64_TO_32_BIT_CONVERSION = YES;
				GCC_WARN_ABOUT_RETURN_TYPE = YES_ERROR;
				GCC_WARN_UNDECLARED_SELECTOR = YES;
				GCC_WARN_UNINITIALIZED_AUTOS = YES_AGGRESSIVE;
				GCC_WARN_UNUSED_FUNCTION = YES;
				GCC_WARN_UNUSED_VARIABLE = YES;
				IPHONEOS_DEPLOYMENT_TARGET = 12.0;
				MTL_ENABLE_DEBUG_INFO = INCLUDE_SOURCE;
				MTL_FAST_MATH = YES;
				ONLY_ACTIVE_ARCH = YES;
				SDKROOT = iphoneos;
				SWIFT_ACTIVE_COMPILATION_CONDITIONS = DEBUG;
				SWIFT_OPTIMIZATION_LEVEL = "-Onone";
			};
			name = Debug;
		};
		2440E879214A08320001AE3E /* Release */ = {
			isa = XCBuildConfiguration;
			buildSettings = {
				ALWAYS_SEARCH_USER_PATHS = NO;
				CLANG_ANALYZER_NONNULL = YES;
				CLANG_ANALYZER_NUMBER_OBJECT_CONVERSION = YES_AGGRESSIVE;
				CLANG_CXX_LANGUAGE_STANDARD = "gnu++14";
				CLANG_CXX_LIBRARY = "libc++";
				CLANG_ENABLE_MODULES = YES;
				CLANG_ENABLE_OBJC_ARC = YES;
				CLANG_ENABLE_OBJC_WEAK = YES;
				CLANG_WARN_BLOCK_CAPTURE_AUTORELEASING = YES;
				CLANG_WARN_BOOL_CONVERSION = YES;
				CLANG_WARN_COMMA = YES;
				CLANG_WARN_CONSTANT_CONVERSION = YES;
				CLANG_WARN_DEPRECATED_OBJC_IMPLEMENTATIONS = YES;
				CLANG_WARN_DIRECT_OBJC_ISA_USAGE = YES_ERROR;
				CLANG_WARN_DOCUMENTATION_COMMENTS = YES;
				CLANG_WARN_EMPTY_BODY = YES;
				CLANG_WARN_ENUM_CONVERSION = YES;
				CLANG_WARN_INFINITE_RECURSION = YES;
				CLANG_WARN_INT_CONVERSION = YES;
				CLANG_WARN_NON_LITERAL_NULL_CONVERSION = YES;
				CLANG_WARN_OBJC_IMPLICIT_RETAIN_SELF = YES;
				CLANG_WARN_OBJC_LITERAL_CONVERSION = YES;
				CLANG_WARN_OBJC_ROOT_CLASS = YES_ERROR;
				CLANG_WARN_RANGE_LOOP_ANALYSIS = YES;
				CLANG_WARN_STRICT_PROTOTYPES = YES;
				CLANG_WARN_SUSPICIOUS_MOVE = YES;
				CLANG_WARN_UNGUARDED_AVAILABILITY = YES_AGGRESSIVE;
				CLANG_WARN_UNREACHABLE_CODE = YES;
				CLANG_WARN__DUPLICATE_METHOD_MATCH = YES;
				CODE_SIGN_IDENTITY = "iPhone Developer";
				COPY_PHASE_STRIP = NO;
				DEBUG_INFORMATION_FORMAT = "dwarf-with-dsym";
				ENABLE_NS_ASSERTIONS = NO;
				ENABLE_STRICT_OBJC_MSGSEND = YES;
				GCC_C_LANGUAGE_STANDARD = gnu11;
				GCC_NO_COMMON_BLOCKS = YES;
				GCC_WARN_64_TO_32_BIT_CONVERSION = YES;
				GCC_WARN_ABOUT_RETURN_TYPE = YES_ERROR;
				GCC_WARN_UNDECLARED_SELECTOR = YES;
				GCC_WARN_UNINITIALIZED_AUTOS = YES_AGGRESSIVE;
				GCC_WARN_UNUSED_FUNCTION = YES;
				GCC_WARN_UNUSED_VARIABLE = YES;
				IPHONEOS_DEPLOYMENT_TARGET = 12.0;
				MTL_ENABLE_DEBUG_INFO = NO;
				MTL_FAST_MATH = YES;
				SDKROOT = iphoneos;
				SWIFT_COMPILATION_MODE = wholemodule;
				SWIFT_OPTIMIZATION_LEVEL = "-O";
				VALIDATE_PRODUCT = YES;
			};
			name = Release;
		};
		2440E87B214A08320001AE3E /* Debug */ = {
			isa = XCBuildConfiguration;
			buildSettings = {
				ASSETCATALOG_COMPILER_APPICON_NAME = AppIcon;
				CODE_SIGN_STYLE = Automatic;
				DEVELOPMENT_TEAM = 6SVXQPSH8S;
				INFOPLIST_FILE = "Character Recognition/Info.plist";
				LD_RUNPATH_SEARCH_PATHS = (
					"$(inherited)",
					"@executable_path/Frameworks",
				);
				PRODUCT_BUNDLE_IDENTIFIER = com.nik.ml.characterrecognition;
				PRODUCT_NAME = "$(TARGET_NAME)";
				SWIFT_VERSION = 4.2;
				TARGETED_DEVICE_FAMILY = "1,2";
			};
			name = Debug;
		};
		2440E87C214A08320001AE3E /* Release */ = {
			isa = XCBuildConfiguration;
			buildSettings = {
				ASSETCATALOG_COMPILER_APPICON_NAME = AppIcon;
				CODE_SIGN_STYLE = Automatic;
				DEVELOPMENT_TEAM = 6SVXQPSH8S;
				INFOPLIST_FILE = "Character Recognition/Info.plist";
				LD_RUNPATH_SEARCH_PATHS = (
					"$(inherited)",
					"@executable_path/Frameworks",
				);
				PRODUCT_BUNDLE_IDENTIFIER = com.nik.ml.characterrecognition;
				PRODUCT_NAME = "$(TARGET_NAME)";
				SWIFT_VERSION = 4.2;
				TARGETED_DEVICE_FAMILY = "1,2";
			};
			name = Release;
		};
/* End XCBuildConfiguration section */

/* Begin XCConfigurationList section */
		2440E863214A08310001AE3E /* Build configuration list for PBXProject "Character Recognition" */ = {
			isa = XCConfigurationList;
			buildConfigurations = (
				2440E878214A08320001AE3E /* Debug */,
				2440E879214A08320001AE3E /* Release */,
			);
			defaultConfigurationIsVisible = 0;
			defaultConfigurationName = Release;
		};
		2440E87A214A08320001AE3E /* Build configuration list for PBXNativeTarget "Character Recognition" */ = {
			isa = XCConfigurationList;
			buildConfigurations = (
				2440E87B214A08320001AE3E /* Debug */,
				2440E87C214A08320001AE3E /* Release */,
			);
			defaultConfigurationIsVisible = 0;
			defaultConfigurationName = Release;
		};
/* End XCConfigurationList section */
	};
	rootObject = 2440E860214A08310001AE3E /* Project object */;
}
